// !$*UTF8*$!
{
	archiveVersion = 1;
	classes = {
	};
	objectVersion = 56;
	objects = {

/* Begin PBXBuildFile section */
		320EA6F229E1864600818F9E /* RemoteFeedLoaderTests.swift in Sources */ = {isa = PBXBuildFile; fileRef = 320EA6F129E1864600818F9E /* RemoteFeedLoaderTests.swift */; };
		3214F00829E55E4200D9B6B9 /* RemoteFeedLoader.swift in Sources */ = {isa = PBXBuildFile; fileRef = 3214F00729E55E4200D9B6B9 /* RemoteFeedLoader.swift */; };
		326DF0FF29E02EB500723923 /* EssentialFeed.framework in Frameworks */ = {isa = PBXBuildFile; fileRef = 326DF0F629E02EB500723923 /* EssentialFeed.framework */; };
		326DF10529E02EB500723923 /* EssentialFeed.h in Headers */ = {isa = PBXBuildFile; fileRef = 326DF0F929E02EB500723923 /* EssentialFeed.h */; settings = {ATTRIBUTES = (Public, ); }; };
		326DF10F29E02ED300723923 /* FeedItem.swift in Sources */ = {isa = PBXBuildFile; fileRef = 326DF10E29E02ED300723923 /* FeedItem.swift */; };
		326DF11129E0308C00723923 /* FeedLoader.swift in Sources */ = {isa = PBXBuildFile; fileRef = 326DF11029E0308C00723923 /* FeedLoader.swift */; };
		3272EF9A2A46F6B5008202C4 /* URLSessionHTTPClient.swift in Sources */ = {isa = PBXBuildFile; fileRef = 3272EF992A46F6B5008202C4 /* URLSessionHTTPClient.swift */; };
		329631AB2A2CCE2D00B12324 /* XCTTestCase+MemoeryLeakTracking.swift in Sources */ = {isa = PBXBuildFile; fileRef = 329631AA2A2CCE2D00B12324 /* XCTTestCase+MemoeryLeakTracking.swift */; };
		32A8AB142A10F8F5004B5E3F /* URLSessionHTTPClientTests.swift in Sources */ = {isa = PBXBuildFile; fileRef = 32A8AB132A10F8F5004B5E3F /* URLSessionHTTPClientTests.swift */; };
		32B94B2829F140090032981F /* HTTPClient.swift in Sources */ = {isa = PBXBuildFile; fileRef = 32B94B2729F140090032981F /* HTTPClient.swift */; };
		32B94B2A29F1405C0032981F /* FeedItemsMapper.swift in Sources */ = {isa = PBXBuildFile; fileRef = 32B94B2929F1405C0032981F /* FeedItemsMapper.swift */; };
/* End PBXBuildFile section */

/* Begin PBXContainerItemProxy section */
		326DF10029E02EB500723923 /* PBXContainerItemProxy */ = {
			isa = PBXContainerItemProxy;
			containerPortal = 326DF0ED29E02EB500723923 /* Project object */;
			proxyType = 1;
			remoteGlobalIDString = 326DF0F529E02EB500723923;
			remoteInfo = EssentialFeed;
		};
/* End PBXContainerItemProxy section */

/* Begin PBXFileReference section */
		320EA6F129E1864600818F9E /* RemoteFeedLoaderTests.swift */ = {isa = PBXFileReference; lastKnownFileType = sourcecode.swift; path = RemoteFeedLoaderTests.swift; sourceTree = "<group>"; };
		3214F00729E55E4200D9B6B9 /* RemoteFeedLoader.swift */ = {isa = PBXFileReference; lastKnownFileType = sourcecode.swift; path = RemoteFeedLoader.swift; sourceTree = "<group>"; };
		326DF0F629E02EB500723923 /* EssentialFeed.framework */ = {isa = PBXFileReference; explicitFileType = wrapper.framework; includeInIndex = 0; path = EssentialFeed.framework; sourceTree = BUILT_PRODUCTS_DIR; };
		326DF0F929E02EB500723923 /* EssentialFeed.h */ = {isa = PBXFileReference; lastKnownFileType = sourcecode.c.h; path = EssentialFeed.h; sourceTree = "<group>"; };
		326DF0FE29E02EB500723923 /* EssentialFeedTests.xctest */ = {isa = PBXFileReference; explicitFileType = wrapper.cfbundle; includeInIndex = 0; path = EssentialFeedTests.xctest; sourceTree = BUILT_PRODUCTS_DIR; };
		326DF10E29E02ED300723923 /* FeedItem.swift */ = {isa = PBXFileReference; lastKnownFileType = sourcecode.swift; path = FeedItem.swift; sourceTree = "<group>"; };
		326DF11029E0308C00723923 /* FeedLoader.swift */ = {isa = PBXFileReference; lastKnownFileType = sourcecode.swift; path = FeedLoader.swift; sourceTree = "<group>"; };
		3272EF992A46F6B5008202C4 /* URLSessionHTTPClient.swift */ = {isa = PBXFileReference; lastKnownFileType = sourcecode.swift; path = URLSessionHTTPClient.swift; sourceTree = "<group>"; };
		329631AA2A2CCE2D00B12324 /* XCTTestCase+MemoeryLeakTracking.swift */ = {isa = PBXFileReference; lastKnownFileType = sourcecode.swift; path = "XCTTestCase+MemoeryLeakTracking.swift"; sourceTree = "<group>"; };
		32A8AB132A10F8F5004B5E3F /* URLSessionHTTPClientTests.swift */ = {isa = PBXFileReference; lastKnownFileType = sourcecode.swift; path = URLSessionHTTPClientTests.swift; sourceTree = "<group>"; };
		32AFA0772A496F6500AAA8CB /* EssentialFeed.xctestplan */ = {isa = PBXFileReference; lastKnownFileType = text; path = EssentialFeed.xctestplan; sourceTree = "<group>"; };
		32B94B2729F140090032981F /* HTTPClient.swift */ = {isa = PBXFileReference; lastKnownFileType = sourcecode.swift; path = HTTPClient.swift; sourceTree = "<group>"; };
		32B94B2929F1405C0032981F /* FeedItemsMapper.swift */ = {isa = PBXFileReference; lastKnownFileType = sourcecode.swift; path = FeedItemsMapper.swift; sourceTree = "<group>"; };
/* End PBXFileReference section */

/* Begin PBXFrameworksBuildPhase section */
		326DF0F329E02EB500723923 /* Frameworks */ = {
			isa = PBXFrameworksBuildPhase;
			buildActionMask = 2147483647;
			files = (
			);
			runOnlyForDeploymentPostprocessing = 0;
		};
		326DF0FB29E02EB500723923 /* Frameworks */ = {
			isa = PBXFrameworksBuildPhase;
			buildActionMask = 2147483647;
			files = (
				326DF0FF29E02EB500723923 /* EssentialFeed.framework in Frameworks */,
			);
			runOnlyForDeploymentPostprocessing = 0;
		};
/* End PBXFrameworksBuildPhase section */

/* Begin PBXGroup section */
		3214F00629E55E1F00D9B6B9 /* Feed API */ = {
			isa = PBXGroup;
			children = (
				3214F00729E55E4200D9B6B9 /* RemoteFeedLoader.swift */,
				32B94B2929F1405C0032981F /* FeedItemsMapper.swift */,
				32B94B2729F140090032981F /* HTTPClient.swift */,
				3272EF992A46F6B5008202C4 /* URLSessionHTTPClient.swift */,
			);
			path = "Feed API";
			sourceTree = "<group>";
		};
		326DF0EC29E02EB500723923 = {
			isa = PBXGroup;
			children = (
				32AFA0772A496F6500AAA8CB /* EssentialFeed.xctestplan */,
				326DF0F829E02EB500723923 /* EssentialFeed */,
				326DF10229E02EB500723923 /* EssentialFeedTests */,
				326DF0F729E02EB500723923 /* Products */,
			);
			sourceTree = "<group>";
		};
		326DF0F729E02EB500723923 /* Products */ = {
			isa = PBXGroup;
			children = (
				326DF0F629E02EB500723923 /* EssentialFeed.framework */,
				326DF0FE29E02EB500723923 /* EssentialFeedTests.xctest */,
			);
			name = Products;
			sourceTree = "<group>";
		};
		326DF0F829E02EB500723923 /* EssentialFeed */ = {
			isa = PBXGroup;
			children = (
				326DF0F929E02EB500723923 /* EssentialFeed.h */,
				3214F00629E55E1F00D9B6B9 /* Feed API */,
				326DF11229E03B9800723923 /* Feed Feature */,
			);
			path = EssentialFeed;
			sourceTree = "<group>";
		};
		326DF10229E02EB500723923 /* EssentialFeedTests */ = {
			isa = PBXGroup;
			children = (
				32B94B2B29F182720032981F /* Feed API */,
			);
			path = EssentialFeedTests;
			sourceTree = "<group>";
		};
		326DF11229E03B9800723923 /* Feed Feature */ = {
			isa = PBXGroup;
			children = (
				326DF10E29E02ED300723923 /* FeedItem.swift */,
				326DF11029E0308C00723923 /* FeedLoader.swift */,
			);
			path = "Feed Feature";
			sourceTree = "<group>";
		};
		329631A92A2CCE0700B12324 /* Helpers */ = {
			isa = PBXGroup;
			children = (
				329631AA2A2CCE2D00B12324 /* XCTTestCase+MemoeryLeakTracking.swift */,
			);
			path = Helpers;
			sourceTree = "<group>";
		};
		32B94B2B29F182720032981F /* Feed API */ = {
			isa = PBXGroup;
			children = (
				329631A92A2CCE0700B12324 /* Helpers */,
				320EA6F129E1864600818F9E /* RemoteFeedLoaderTests.swift */,
				32A8AB132A10F8F5004B5E3F /* URLSessionHTTPClientTests.swift */,
			);
			path = "Feed API";
			sourceTree = "<group>";
		};
/* End PBXGroup section */

/* Begin PBXHeadersBuildPhase section */
		326DF0F129E02EB500723923 /* Headers */ = {
			isa = PBXHeadersBuildPhase;
			buildActionMask = 2147483647;
			files = (
				326DF10529E02EB500723923 /* EssentialFeed.h in Headers */,
			);
			runOnlyForDeploymentPostprocessing = 0;
		};
/* End PBXHeadersBuildPhase section */

/* Begin PBXNativeTarget section */
		326DF0F529E02EB500723923 /* EssentialFeed */ = {
			isa = PBXNativeTarget;
			buildConfigurationList = 326DF10829E02EB500723923 /* Build configuration list for PBXNativeTarget "EssentialFeed" */;
			buildPhases = (
				326DF0F129E02EB500723923 /* Headers */,
				326DF0F229E02EB500723923 /* Sources */,
				326DF0F329E02EB500723923 /* Frameworks */,
				326DF0F429E02EB500723923 /* Resources */,
			);
			buildRules = (
			);
			dependencies = (
			);
			name = EssentialFeed;
			productName = EssentialFeed;
			productReference = 326DF0F629E02EB500723923 /* EssentialFeed.framework */;
			productType = "com.apple.product-type.framework";
		};
		326DF0FD29E02EB500723923 /* EssentialFeedTests */ = {
			isa = PBXNativeTarget;
			buildConfigurationList = 326DF10B29E02EB500723923 /* Build configuration list for PBXNativeTarget "EssentialFeedTests" */;
			buildPhases = (
				326DF0FA29E02EB500723923 /* Sources */,
				326DF0FB29E02EB500723923 /* Frameworks */,
				326DF0FC29E02EB500723923 /* Resources */,
			);
			buildRules = (
			);
			dependencies = (
				326DF10129E02EB500723923 /* PBXTargetDependency */,
			);
			name = EssentialFeedTests;
			productName = EssentialFeedTests;
			productReference = 326DF0FE29E02EB500723923 /* EssentialFeedTests.xctest */;
			productType = "com.apple.product-type.bundle.unit-test";
		};
/* End PBXNativeTarget section */

/* Begin PBXProject section */
		326DF0ED29E02EB500723923 /* Project object */ = {
			isa = PBXProject;
			attributes = {
				BuildIndependentTargetsInParallel = 1;
				LastSwiftUpdateCheck = 1430;
				LastUpgradeCheck = 1430;
				TargetAttributes = {
					326DF0F529E02EB500723923 = {
						CreatedOnToolsVersion = 14.3;
						LastSwiftMigration = 1430;
					};
					326DF0FD29E02EB500723923 = {
						CreatedOnToolsVersion = 14.3;
					};
				};
			};
			buildConfigurationList = 326DF0F029E02EB500723923 /* Build configuration list for PBXProject "EssentialFeed" */;
			compatibilityVersion = "Xcode 14.0";
			developmentRegion = en;
			hasScannedForEncodings = 0;
			knownRegions = (
				en,
				Base,
			);
			mainGroup = 326DF0EC29E02EB500723923;
			productRefGroup = 326DF0F729E02EB500723923 /* Products */;
			projectDirPath = "";
			projectRoot = "";
			targets = (
				326DF0F529E02EB500723923 /* EssentialFeed */,
				326DF0FD29E02EB500723923 /* EssentialFeedTests */,
			);
		};
/* End PBXProject section */

/* Begin PBXResourcesBuildPhase section */
		326DF0F429E02EB500723923 /* Resources */ = {
			isa = PBXResourcesBuildPhase;
			buildActionMask = 2147483647;
			files = (
			);
			runOnlyForDeploymentPostprocessing = 0;
		};
		326DF0FC29E02EB500723923 /* Resources */ = {
			isa = PBXResourcesBuildPhase;
			buildActionMask = 2147483647;
			files = (
			);
			runOnlyForDeploymentPostprocessing = 0;
		};
/* End PBXResourcesBuildPhase section */

/* Begin PBXSourcesBuildPhase section */
		326DF0F229E02EB500723923 /* Sources */ = {
			isa = PBXSourcesBuildPhase;
			buildActionMask = 2147483647;
			files = (
				32B94B2A29F1405C0032981F /* FeedItemsMapper.swift in Sources */,
				326DF11129E0308C00723923 /* FeedLoader.swift in Sources */,
				3214F00829E55E4200D9B6B9 /* RemoteFeedLoader.swift in Sources */,
				32B94B2829F140090032981F /* HTTPClient.swift in Sources */,
				326DF10F29E02ED300723923 /* FeedItem.swift in Sources */,
				3272EF9A2A46F6B5008202C4 /* URLSessionHTTPClient.swift in Sources */,
			);
			runOnlyForDeploymentPostprocessing = 0;
		};
		326DF0FA29E02EB500723923 /* Sources */ = {
			isa = PBXSourcesBuildPhase;
			buildActionMask = 2147483647;
			files = (
				320EA6F229E1864600818F9E /* RemoteFeedLoaderTests.swift in Sources */,
				329631AB2A2CCE2D00B12324 /* XCTTestCase+MemoeryLeakTracking.swift in Sources */,
				32A8AB142A10F8F5004B5E3F /* URLSessionHTTPClientTests.swift in Sources */,
			);
			runOnlyForDeploymentPostprocessing = 0;
		};
/* End PBXSourcesBuildPhase section */

/* Begin PBXTargetDependency section */
		326DF10129E02EB500723923 /* PBXTargetDependency */ = {
			isa = PBXTargetDependency;
			target = 326DF0F529E02EB500723923 /* EssentialFeed */;
			targetProxy = 326DF10029E02EB500723923 /* PBXContainerItemProxy */;
		};
/* End PBXTargetDependency section */

/* Begin XCBuildConfiguration section */
		326DF10629E02EB500723923 /* Debug */ = {
			isa = XCBuildConfiguration;
			buildSettings = {
				ALWAYS_SEARCH_USER_PATHS = NO;
				CLANG_ANALYZER_NONNULL = YES;
				CLANG_ANALYZER_NUMBER_OBJECT_CONVERSION = YES_AGGRESSIVE;
				CLANG_CXX_LANGUAGE_STANDARD = "gnu++20";
				CLANG_ENABLE_MODULES = YES;
				CLANG_ENABLE_OBJC_ARC = YES;
				CLANG_ENABLE_OBJC_WEAK = YES;
				CLANG_WARN_BLOCK_CAPTURE_AUTORELEASING = YES;
				CLANG_WARN_BOOL_CONVERSION = YES;
				CLANG_WARN_COMMA = YES;
				CLANG_WARN_CONSTANT_CONVERSION = YES;
				CLANG_WARN_DEPRECATED_OBJC_IMPLEMENTATIONS = YES;
				CLANG_WARN_DIRECT_OBJC_ISA_USAGE = YES_ERROR;
				CLANG_WARN_DOCUMENTATION_COMMENTS = YES;
				CLANG_WARN_EMPTY_BODY = YES;
				CLANG_WARN_ENUM_CONVERSION = YES;
				CLANG_WARN_INFINITE_RECURSION = YES;
				CLANG_WARN_INT_CONVERSION = YES;
				CLANG_WARN_NON_LITERAL_NULL_CONVERSION = YES;
				CLANG_WARN_OBJC_IMPLICIT_RETAIN_SELF = YES;
				CLANG_WARN_OBJC_LITERAL_CONVERSION = YES;
				CLANG_WARN_OBJC_ROOT_CLASS = YES_ERROR;
				CLANG_WARN_QUOTED_INCLUDE_IN_FRAMEWORK_HEADER = YES;
				CLANG_WARN_RANGE_LOOP_ANALYSIS = YES;
				CLANG_WARN_STRICT_PROTOTYPES = YES;
				CLANG_WARN_SUSPICIOUS_MOVE = YES;
				CLANG_WARN_UNGUARDED_AVAILABILITY = YES_AGGRESSIVE;
				CLANG_WARN_UNREACHABLE_CODE = YES;
				CLANG_WARN__DUPLICATE_METHOD_MATCH = YES;
				COPY_PHASE_STRIP = NO;
				CURRENT_PROJECT_VERSION = 1;
				DEBUG_INFORMATION_FORMAT = dwarf;
				ENABLE_STRICT_OBJC_MSGSEND = YES;
				ENABLE_TESTABILITY = YES;
				GCC_C_LANGUAGE_STANDARD = gnu11;
				GCC_DYNAMIC_NO_PIC = NO;
				GCC_NO_COMMON_BLOCKS = YES;
				GCC_OPTIMIZATION_LEVEL = 0;
				GCC_PREPROCESSOR_DEFINITIONS = (
					"DEBUG=1",
					"$(inherited)",
				);
				GCC_WARN_64_TO_32_BIT_CONVERSION = YES;
				GCC_WARN_ABOUT_RETURN_TYPE = YES_ERROR;
				GCC_WARN_UNDECLARED_SELECTOR = YES;
				GCC_WARN_UNINITIALIZED_AUTOS = YES_AGGRESSIVE;
				GCC_WARN_UNUSED_FUNCTION = YES;
				GCC_WARN_UNUSED_VARIABLE = YES;
				MACOSX_DEPLOYMENT_TARGET = 13.3;
				MTL_ENABLE_DEBUG_INFO = INCLUDE_SOURCE;
				MTL_FAST_MATH = YES;
				ONLY_ACTIVE_ARCH = YES;
				SDKROOT = macosx;
				SWIFT_ACTIVE_COMPILATION_CONDITIONS = DEBUG;
				SWIFT_OPTIMIZATION_LEVEL = "-Onone";
				VERSIONING_SYSTEM = "apple-generic";
				VERSION_INFO_PREFIX = "";
			};
			name = Debug;
		};
		326DF10729E02EB500723923 /* Release */ = {
			isa = XCBuildConfiguration;
			buildSettings = {
				ALWAYS_SEARCH_USER_PATHS = NO;
				CLANG_ANALYZER_NONNULL = YES;
				CLANG_ANALYZER_NUMBER_OBJECT_CONVERSION = YES_AGGRESSIVE;
				CLANG_CXX_LANGUAGE_STANDARD = "gnu++20";
				CLANG_ENABLE_MODULES = YES;
				CLANG_ENABLE_OBJC_ARC = YES;
				CLANG_ENABLE_OBJC_WEAK = YES;
				CLANG_WARN_BLOCK_CAPTURE_AUTORELEASING = YES;
				CLANG_WARN_BOOL_CONVERSION = YES;
				CLANG_WARN_COMMA = YES;
				CLANG_WARN_CONSTANT_CONVERSION = YES;
				CLANG_WARN_DEPRECATED_OBJC_IMPLEMENTATIONS = YES;
				CLANG_WARN_DIRECT_OBJC_ISA_USAGE = YES_ERROR;
				CLANG_WARN_DOCUMENTATION_COMMENTS = YES;
				CLANG_WARN_EMPTY_BODY = YES;
				CLANG_WARN_ENUM_CONVERSION = YES;
				CLANG_WARN_INFINITE_RECURSION = YES;
				CLANG_WARN_INT_CONVERSION = YES;
				CLANG_WARN_NON_LITERAL_NULL_CONVERSION = YES;
				CLANG_WARN_OBJC_IMPLICIT_RETAIN_SELF = YES;
				CLANG_WARN_OBJC_LITERAL_CONVERSION = YES;
				CLANG_WARN_OBJC_ROOT_CLASS = YES_ERROR;
				CLANG_WARN_QUOTED_INCLUDE_IN_FRAMEWORK_HEADER = YES;
				CLANG_WARN_RANGE_LOOP_ANALYSIS = YES;
				CLANG_WARN_STRICT_PROTOTYPES = YES;
				CLANG_WARN_SUSPICIOUS_MOVE = YES;
				CLANG_WARN_UNGUARDED_AVAILABILITY = YES_AGGRESSIVE;
				CLANG_WARN_UNREACHABLE_CODE = YES;
				CLANG_WARN__DUPLICATE_METHOD_MATCH = YES;
				COPY_PHASE_STRIP = NO;
				CURRENT_PROJECT_VERSION = 1;
				DEBUG_INFORMATION_FORMAT = "dwarf-with-dsym";
				ENABLE_NS_ASSERTIONS = NO;
				ENABLE_STRICT_OBJC_MSGSEND = YES;
				GCC_C_LANGUAGE_STANDARD = gnu11;
				GCC_NO_COMMON_BLOCKS = YES;
				GCC_WARN_64_TO_32_BIT_CONVERSION = YES;
				GCC_WARN_ABOUT_RETURN_TYPE = YES_ERROR;
				GCC_WARN_UNDECLARED_SELECTOR = YES;
				GCC_WARN_UNINITIALIZED_AUTOS = YES_AGGRESSIVE;
				GCC_WARN_UNUSED_FUNCTION = YES;
				GCC_WARN_UNUSED_VARIABLE = YES;
				MACOSX_DEPLOYMENT_TARGET = 13.3;
				MTL_ENABLE_DEBUG_INFO = NO;
				MTL_FAST_MATH = YES;
				SDKROOT = macosx;
				SWIFT_COMPILATION_MODE = wholemodule;
				SWIFT_OPTIMIZATION_LEVEL = "-O";
				VERSIONING_SYSTEM = "apple-generic";
				VERSION_INFO_PREFIX = "";
			};
			name = Release;
		};
		326DF10929E02EB500723923 /* Debug */ = {
			isa = XCBuildConfiguration;
			buildSettings = {
				CLANG_ENABLE_MODULES = YES;
				CODE_SIGN_STYLE = Automatic;
				COMBINE_HIDPI_IMAGES = YES;
				CURRENT_PROJECT_VERSION = 1;
				DEFINES_MODULE = YES;
				DEVELOPMENT_TEAM = D4NJBY4S25;
				DYLIB_COMPATIBILITY_VERSION = 1;
				DYLIB_CURRENT_VERSION = 1;
				DYLIB_INSTALL_NAME_BASE = "@rpath";
				ENABLE_MODULE_VERIFIER = YES;
				GENERATE_INFOPLIST_FILE = YES;
				INFOPLIST_KEY_NSHumanReadableCopyright = "";
				INSTALL_PATH = "$(LOCAL_LIBRARY_DIR)/Frameworks";
				LD_RUNPATH_SEARCH_PATHS = (
					"$(inherited)",
					"@executable_path/../Frameworks",
					"@loader_path/Frameworks",
				);
				MARKETING_VERSION = 1.0;
				MODULE_VERIFIER_SUPPORTED_LANGUAGES = "objective-c objective-c++";
				MODULE_VERIFIER_SUPPORTED_LANGUAGE_STANDARDS = "gnu11 gnu++20";
				PRODUCT_BUNDLE_IDENTIFIER = com.subhankar.EssentialFeed;
				PRODUCT_NAME = "$(TARGET_NAME:c99extidentifier)";
				SKIP_INSTALL = YES;
				SWIFT_EMIT_LOC_STRINGS = YES;
				SWIFT_OPTIMIZATION_LEVEL = "-Onone";
				SWIFT_VERSION = 5.0;
			};
			name = Debug;
		};
		326DF10A29E02EB500723923 /* Release */ = {
			isa = XCBuildConfiguration;
			buildSettings = {
				CLANG_ENABLE_MODULES = YES;
				CODE_SIGN_STYLE = Automatic;
				COMBINE_HIDPI_IMAGES = YES;
				CURRENT_PROJECT_VERSION = 1;
				DEFINES_MODULE = YES;
				DEVELOPMENT_TEAM = D4NJBY4S25;
				DYLIB_COMPATIBILITY_VERSION = 1;
				DYLIB_CURRENT_VERSION = 1;
				DYLIB_INSTALL_NAME_BASE = "@rpath";
				ENABLE_MODULE_VERIFIER = YES;
				GENERATE_INFOPLIST_FILE = YES;
				INFOPLIST_KEY_NSHumanReadableCopyright = "";
				INSTALL_PATH = "$(LOCAL_LIBRARY_DIR)/Frameworks";
				LD_RUNPATH_SEARCH_PATHS = (
					"$(inherited)",
					"@executable_path/../Frameworks",
					"@loader_path/Frameworks",
				);
				MARKETING_VERSION = 1.0;
				MODULE_VERIFIER_SUPPORTED_LANGUAGES = "objective-c objective-c++";
				MODULE_VERIFIER_SUPPORTED_LANGUAGE_STANDARDS = "gnu11 gnu++20";
				PRODUCT_BUNDLE_IDENTIFIER = com.subhankar.EssentialFeed;
				PRODUCT_NAME = "$(TARGET_NAME:c99extidentifier)";
				SKIP_INSTALL = YES;
				SWIFT_EMIT_LOC_STRINGS = YES;
				SWIFT_VERSION = 5.0;
			};
			name = Release;
		};
		326DF10C29E02EB500723923 /* Debug */ = {
			isa = XCBuildConfiguration;
			buildSettings = {
				ALWAYS_EMBED_SWIFT_STANDARD_LIBRARIES = YES;
				CODE_SIGN_STYLE = Automatic;
				CURRENT_PROJECT_VERSION = 1;
				DEVELOPMENT_TEAM = D4NJBY4S25;
				GENERATE_INFOPLIST_FILE = YES;
				MARKETING_VERSION = 1.0;
				PRODUCT_BUNDLE_IDENTIFIER = com.subhankar.EssentialFeedTests;
				PRODUCT_NAME = "$(TARGET_NAME)";
				SWIFT_EMIT_LOC_STRINGS = NO;
				SWIFT_VERSION = 5.0;
			};
			name = Debug;
		};
		326DF10D29E02EB500723923 /* Release */ = {
			isa = XCBuildConfiguration;
			buildSettings = {
				ALWAYS_EMBED_SWIFT_STANDARD_LIBRARIES = YES;
				CODE_SIGN_STYLE = Automatic;
				CURRENT_PROJECT_VERSION = 1;
				DEVELOPMENT_TEAM = D4NJBY4S25;
				GENERATE_INFOPLIST_FILE = YES;
				MARKETING_VERSION = 1.0;
				PRODUCT_BUNDLE_IDENTIFIER = com.subhankar.EssentialFeedTests;
				PRODUCT_NAME = "$(TARGET_NAME)";
				SWIFT_EMIT_LOC_STRINGS = NO;
				SWIFT_VERSION = 5.0;
			};
			name = Release;
		};
/* End XCBuildConfiguration section */

/* Begin XCConfigurationList section */
		326DF0F029E02EB500723923 /* Build configuration list for PBXProject "EssentialFeed" */ = {
			isa = XCConfigurationList;
			buildConfigurations = (
				326DF10629E02EB500723923 /* Debug */,
				326DF10729E02EB500723923 /* Release */,
			);
			defaultConfigurationIsVisible = 0;
			defaultConfigurationName = Release;
		};
		326DF10829E02EB500723923 /* Build configuration list for PBXNativeTarget "EssentialFeed" */ = {
			isa = XCConfigurationList;
			buildConfigurations = (
				326DF10929E02EB500723923 /* Debug */,
				326DF10A29E02EB500723923 /* Release */,
			);
			defaultConfigurationIsVisible = 0;
			defaultConfigurationName = Release;
		};
		326DF10B29E02EB500723923 /* Build configuration list for PBXNativeTarget "EssentialFeedTests" */ = {
			isa = XCConfigurationList;
			buildConfigurations = (
				326DF10C29E02EB500723923 /* Debug */,
				326DF10D29E02EB500723923 /* Release */,
			);
			defaultConfigurationIsVisible = 0;
			defaultConfigurationName = Release;
		};
/* End XCConfigurationList section */
	};
	rootObject = 326DF0ED29E02EB500723923 /* Project object */;
}
