// !$*UTF8*$!
{
	archiveVersion = 1;
	classes = {
	};
	objectVersion = 56;
	objects = {

/* Begin PBXBuildFile section */
		9E435ABF2C0A05CB00E5B897 /* AppDelegate.swift in Sources */ = {isa = PBXBuildFile; fileRef = 9E435ABE2C0A05CB00E5B897 /* AppDelegate.swift */; };
		9E435AC12C0A05CB00E5B897 /* SceneDelegate.swift in Sources */ = {isa = PBXBuildFile; fileRef = 9E435AC02C0A05CB00E5B897 /* SceneDelegate.swift */; };
		9E435AC32C0A05CB00E5B897 /* ViewController.swift in Sources */ = {isa = PBXBuildFile; fileRef = 9E435AC22C0A05CB00E5B897 /* ViewController.swift */; };
		9E435AC62C0A05CB00E5B897 /* Base in Resources */ = {isa = PBXBuildFile; fileRef = 9E435AC52C0A05CB00E5B897 /* Base */; };
		9E435AC82C0A05CC00E5B897 /* Assets.xcassets in Resources */ = {isa = PBXBuildFile; fileRef = 9E435AC72C0A05CC00E5B897 /* Assets.xcassets */; };
		9E435ACB2C0A05CC00E5B897 /* Base in Resources */ = {isa = PBXBuildFile; fileRef = 9E435ACA2C0A05CC00E5B897 /* Base */; };
		9E435AE02C0A05CC00E5B897 /* EssentialAppUITests.swift in Sources */ = {isa = PBXBuildFile; fileRef = 9E435ADF2C0A05CC00E5B897 /* EssentialAppUITests.swift */; };
		9E435AE22C0A05CC00E5B897 /* EssentialAppUITestsLaunchTests.swift in Sources */ = {isa = PBXBuildFile; fileRef = 9E435AE12C0A05CC00E5B897 /* EssentialAppUITestsLaunchTests.swift */; };
		9E435AF12C0A077200E5B897 /* EssentialFeed.framework in Frameworks */ = {isa = PBXBuildFile; fileRef = 9E435AEF2C0A077200E5B897 /* EssentialFeed.framework */; };
		9E435AF22C0A077200E5B897 /* EssentialFeed.framework in Embed Frameworks */ = {isa = PBXBuildFile; fileRef = 9E435AEF2C0A077200E5B897 /* EssentialFeed.framework */; settings = {ATTRIBUTES = (CodeSignOnCopy, RemoveHeadersOnCopy, ); }; };
		9E435AF32C0A077200E5B897 /* EssentialFeediOS.framework in Frameworks */ = {isa = PBXBuildFile; fileRef = 9E435AF02C0A077200E5B897 /* EssentialFeediOS.framework */; };
		9E435AF42C0A077200E5B897 /* EssentialFeediOS.framework in Embed Frameworks */ = {isa = PBXBuildFile; fileRef = 9E435AF02C0A077200E5B897 /* EssentialFeediOS.framework */; settings = {ATTRIBUTES = (CodeSignOnCopy, RemoveHeadersOnCopy, ); }; };
		9E57EDC32C0C805100537C22 /* FeedLoaderWithFallbackCompositeTests.swift in Sources */ = {isa = PBXBuildFile; fileRef = 9E57EDC22C0C805100537C22 /* FeedLoaderWithFallbackCompositeTests.swift */; };
		9E57EDC52C0C83BA00537C22 /* FeedLoaderWithFallbackComposite.swift in Sources */ = {isa = PBXBuildFile; fileRef = 9E57EDC42C0C83BA00537C22 /* FeedLoaderWithFallbackComposite.swift */; };
		9E57EDC72C0C845300537C22 /* FeedImageDataLoaderWithFallbackCompositeTests.swift in Sources */ = {isa = PBXBuildFile; fileRef = 9E57EDC62C0C845300537C22 /* FeedImageDataLoaderWithFallbackCompositeTests.swift */; };
		9E57EDC92C0C87FB00537C22 /* FeedImageDataLoaderWithFallbackComposite.swift in Sources */ = {isa = PBXBuildFile; fileRef = 9E57EDC82C0C87FB00537C22 /* FeedImageDataLoaderWithFallbackComposite.swift */; };
		9E57EDCC2C0C886C00537C22 /* XCTestCase+MemoryLeakTracking.swift in Sources */ = {isa = PBXBuildFile; fileRef = 9E57EDCB2C0C886C00537C22 /* XCTestCase+MemoryLeakTracking.swift */; };
/* End PBXBuildFile section */

/* Begin PBXContainerItemProxy section */
		9E435AD22C0A05CC00E5B897 /* PBXContainerItemProxy */ = {
			isa = PBXContainerItemProxy;
			containerPortal = 9E435AB32C0A05CB00E5B897 /* Project object */;
			proxyType = 1;
			remoteGlobalIDString = 9E435ABA2C0A05CB00E5B897;
			remoteInfo = EssentialApp;
		};
		9E435ADC2C0A05CC00E5B897 /* PBXContainerItemProxy */ = {
			isa = PBXContainerItemProxy;
			containerPortal = 9E435AB32C0A05CB00E5B897 /* Project object */;
			proxyType = 1;
			remoteGlobalIDString = 9E435ABA2C0A05CB00E5B897;
			remoteInfo = EssentialApp;
		};
/* End PBXContainerItemProxy section */

/* Begin PBXCopyFilesBuildPhase section */
		9E435AF52C0A077200E5B897 /* Embed Frameworks */ = {
			isa = PBXCopyFilesBuildPhase;
			buildActionMask = 2147483647;
			dstPath = "";
			dstSubfolderSpec = 10;
			files = (
				9E435AF22C0A077200E5B897 /* EssentialFeed.framework in Embed Frameworks */,
				9E435AF42C0A077200E5B897 /* EssentialFeediOS.framework in Embed Frameworks */,
			);
			name = "Embed Frameworks";
			runOnlyForDeploymentPostprocessing = 0;
		};
/* End PBXCopyFilesBuildPhase section */

/* Begin PBXFileReference section */
		9E435ABB2C0A05CB00E5B897 /* EssentialApp.app */ = {isa = PBXFileReference; explicitFileType = wrapper.application; includeInIndex = 0; path = EssentialApp.app; sourceTree = BUILT_PRODUCTS_DIR; };
		9E435ABE2C0A05CB00E5B897 /* AppDelegate.swift */ = {isa = PBXFileReference; lastKnownFileType = sourcecode.swift; path = AppDelegate.swift; sourceTree = "<group>"; };
		9E435AC02C0A05CB00E5B897 /* SceneDelegate.swift */ = {isa = PBXFileReference; lastKnownFileType = sourcecode.swift; path = SceneDelegate.swift; sourceTree = "<group>"; };
		9E435AC22C0A05CB00E5B897 /* ViewController.swift */ = {isa = PBXFileReference; lastKnownFileType = sourcecode.swift; path = ViewController.swift; sourceTree = "<group>"; };
		9E435AC52C0A05CB00E5B897 /* Base */ = {isa = PBXFileReference; lastKnownFileType = file.storyboard; name = Base; path = Base.lproj/Main.storyboard; sourceTree = "<group>"; };
		9E435AC72C0A05CC00E5B897 /* Assets.xcassets */ = {isa = PBXFileReference; lastKnownFileType = folder.assetcatalog; path = Assets.xcassets; sourceTree = "<group>"; };
		9E435ACA2C0A05CC00E5B897 /* Base */ = {isa = PBXFileReference; lastKnownFileType = file.storyboard; name = Base; path = Base.lproj/LaunchScreen.storyboard; sourceTree = "<group>"; };
		9E435ACC2C0A05CC00E5B897 /* Info.plist */ = {isa = PBXFileReference; lastKnownFileType = text.plist.xml; path = Info.plist; sourceTree = "<group>"; };
		9E435AD12C0A05CC00E5B897 /* EssentialAppTests.xctest */ = {isa = PBXFileReference; explicitFileType = wrapper.cfbundle; includeInIndex = 0; path = EssentialAppTests.xctest; sourceTree = BUILT_PRODUCTS_DIR; };
		9E435ADB2C0A05CC00E5B897 /* EssentialAppUITests.xctest */ = {isa = PBXFileReference; explicitFileType = wrapper.cfbundle; includeInIndex = 0; path = EssentialAppUITests.xctest; sourceTree = BUILT_PRODUCTS_DIR; };
		9E435ADF2C0A05CC00E5B897 /* EssentialAppUITests.swift */ = {isa = PBXFileReference; lastKnownFileType = sourcecode.swift; path = EssentialAppUITests.swift; sourceTree = "<group>"; };
		9E435AE12C0A05CC00E5B897 /* EssentialAppUITestsLaunchTests.swift */ = {isa = PBXFileReference; lastKnownFileType = sourcecode.swift; path = EssentialAppUITestsLaunchTests.swift; sourceTree = "<group>"; };
		9E435AEF2C0A077200E5B897 /* EssentialFeed.framework */ = {isa = PBXFileReference; explicitFileType = wrapper.framework; path = EssentialFeed.framework; sourceTree = BUILT_PRODUCTS_DIR; };
		9E435AF02C0A077200E5B897 /* EssentialFeediOS.framework */ = {isa = PBXFileReference; explicitFileType = wrapper.framework; path = EssentialFeediOS.framework; sourceTree = BUILT_PRODUCTS_DIR; };
		9E57EDC22C0C805100537C22 /* FeedLoaderWithFallbackCompositeTests.swift */ = {isa = PBXFileReference; lastKnownFileType = sourcecode.swift; path = FeedLoaderWithFallbackCompositeTests.swift; sourceTree = "<group>"; };
		9E57EDC42C0C83BA00537C22 /* FeedLoaderWithFallbackComposite.swift */ = {isa = PBXFileReference; lastKnownFileType = sourcecode.swift; path = FeedLoaderWithFallbackComposite.swift; sourceTree = "<group>"; };
		9E57EDC62C0C845300537C22 /* FeedImageDataLoaderWithFallbackCompositeTests.swift */ = {isa = PBXFileReference; lastKnownFileType = sourcecode.swift; path = FeedImageDataLoaderWithFallbackCompositeTests.swift; sourceTree = "<group>"; };
		9E57EDC82C0C87FB00537C22 /* FeedImageDataLoaderWithFallbackComposite.swift */ = {isa = PBXFileReference; lastKnownFileType = sourcecode.swift; path = FeedImageDataLoaderWithFallbackComposite.swift; sourceTree = "<group>"; };
		9E57EDCB2C0C886C00537C22 /* XCTestCase+MemoryLeakTracking.swift */ = {isa = PBXFileReference; lastKnownFileType = sourcecode.swift; path = "XCTestCase+MemoryLeakTracking.swift"; sourceTree = "<group>"; };
		9E5B60BD2C0B602A007D70DA /* EssentialApp.xctestplan */ = {isa = PBXFileReference; lastKnownFileType = text; name = EssentialApp.xctestplan; path = ../EssentialApp.xctestplan; sourceTree = "<group>"; };
/* End PBXFileReference section */

/* Begin PBXFrameworksBuildPhase section */
		9E435AB82C0A05CB00E5B897 /* Frameworks */ = {
			isa = PBXFrameworksBuildPhase;
			buildActionMask = 2147483647;
			files = (
				9E435AF12C0A077200E5B897 /* EssentialFeed.framework in Frameworks */,
				9E435AF32C0A077200E5B897 /* EssentialFeediOS.framework in Frameworks */,
			);
			runOnlyForDeploymentPostprocessing = 0;
		};
		9E435ACE2C0A05CC00E5B897 /* Frameworks */ = {
			isa = PBXFrameworksBuildPhase;
			buildActionMask = 2147483647;
			files = (
			);
			runOnlyForDeploymentPostprocessing = 0;
		};
		9E435AD82C0A05CC00E5B897 /* Frameworks */ = {
			isa = PBXFrameworksBuildPhase;
			buildActionMask = 2147483647;
			files = (
			);
			runOnlyForDeploymentPostprocessing = 0;
		};
/* End PBXFrameworksBuildPhase section */

/* Begin PBXGroup section */
		9E435AB22C0A05CB00E5B897 = {
			isa = PBXGroup;
			children = (
				9E5B60BD2C0B602A007D70DA /* EssentialApp.xctestplan */,
				9E435ABD2C0A05CB00E5B897 /* EssentialApp */,
				9E435AD42C0A05CC00E5B897 /* EssentialAppTests */,
				9E435ADE2C0A05CC00E5B897 /* EssentialAppUITests */,
				9E435ABC2C0A05CB00E5B897 /* Products */,
				9E435AEE2C0A077200E5B897 /* Frameworks */,
			);
			sourceTree = "<group>";
		};
		9E435ABC2C0A05CB00E5B897 /* Products */ = {
			isa = PBXGroup;
			children = (
				9E435ABB2C0A05CB00E5B897 /* EssentialApp.app */,
				9E435AD12C0A05CC00E5B897 /* EssentialAppTests.xctest */,
				9E435ADB2C0A05CC00E5B897 /* EssentialAppUITests.xctest */,
			);
			name = Products;
			sourceTree = "<group>";
		};
		9E435ABD2C0A05CB00E5B897 /* EssentialApp */ = {
			isa = PBXGroup;
			children = (
				9E435ABE2C0A05CB00E5B897 /* AppDelegate.swift */,
				9E435AC02C0A05CB00E5B897 /* SceneDelegate.swift */,
				9E57EDC42C0C83BA00537C22 /* FeedLoaderWithFallbackComposite.swift */,
				9E57EDC82C0C87FB00537C22 /* FeedImageDataLoaderWithFallbackComposite.swift */,
				9E435AC22C0A05CB00E5B897 /* ViewController.swift */,
				9E435AC42C0A05CB00E5B897 /* Main.storyboard */,
				9E435AC72C0A05CC00E5B897 /* Assets.xcassets */,
				9E435AC92C0A05CC00E5B897 /* LaunchScreen.storyboard */,
				9E435ACC2C0A05CC00E5B897 /* Info.plist */,
			);
			path = EssentialApp;
			sourceTree = "<group>";
		};
		9E435AD42C0A05CC00E5B897 /* EssentialAppTests */ = {
			isa = PBXGroup;
			children = (
				9E57EDCA2C0C886200537C22 /* Helpers */,
				9E57EDC22C0C805100537C22 /* FeedLoaderWithFallbackCompositeTests.swift */,
				9E57EDC62C0C845300537C22 /* FeedImageDataLoaderWithFallbackCompositeTests.swift */,
			);
			path = EssentialAppTests;
			sourceTree = "<group>";
		};
		9E435ADE2C0A05CC00E5B897 /* EssentialAppUITests */ = {
			isa = PBXGroup;
			children = (
				9E435ADF2C0A05CC00E5B897 /* EssentialAppUITests.swift */,
				9E435AE12C0A05CC00E5B897 /* EssentialAppUITestsLaunchTests.swift */,
			);
			path = EssentialAppUITests;
			sourceTree = "<group>";
		};
		9E435AEE2C0A077200E5B897 /* Frameworks */ = {
			isa = PBXGroup;
			children = (
				9E435AEF2C0A077200E5B897 /* EssentialFeed.framework */,
				9E435AF02C0A077200E5B897 /* EssentialFeediOS.framework */,
			);
			name = Frameworks;
			sourceTree = "<group>";
		};
		9E57EDCA2C0C886200537C22 /* Helpers */ = {
			isa = PBXGroup;
			children = (
				9E57EDCB2C0C886C00537C22 /* XCTestCase+MemoryLeakTracking.swift */,
			);
			path = Helpers;
			sourceTree = "<group>";
		};
/* End PBXGroup section */

/* Begin PBXNativeTarget section */
		9E435ABA2C0A05CB00E5B897 /* EssentialApp */ = {
			isa = PBXNativeTarget;
			buildConfigurationList = 9E435AE52C0A05CC00E5B897 /* Build configuration list for PBXNativeTarget "EssentialApp" */;
			buildPhases = (
				9E435AB72C0A05CB00E5B897 /* Sources */,
				9E435AB82C0A05CB00E5B897 /* Frameworks */,
				9E435AB92C0A05CB00E5B897 /* Resources */,
				9E435AF52C0A077200E5B897 /* Embed Frameworks */,
			);
			buildRules = (
			);
			dependencies = (
			);
			name = EssentialApp;
			productName = EssentialApp;
			productReference = 9E435ABB2C0A05CB00E5B897 /* EssentialApp.app */;
			productType = "com.apple.product-type.application";
		};
		9E435AD02C0A05CC00E5B897 /* EssentialAppTests */ = {
			isa = PBXNativeTarget;
			buildConfigurationList = 9E435AE82C0A05CC00E5B897 /* Build configuration list for PBXNativeTarget "EssentialAppTests" */;
			buildPhases = (
				9E435ACD2C0A05CC00E5B897 /* Sources */,
				9E435ACE2C0A05CC00E5B897 /* Frameworks */,
				9E435ACF2C0A05CC00E5B897 /* Resources */,
			);
			buildRules = (
			);
			dependencies = (
				9E435AD32C0A05CC00E5B897 /* PBXTargetDependency */,
			);
			name = EssentialAppTests;
			productName = EssentialAppTests;
			productReference = 9E435AD12C0A05CC00E5B897 /* EssentialAppTests.xctest */;
			productType = "com.apple.product-type.bundle.unit-test";
		};
		9E435ADA2C0A05CC00E5B897 /* EssentialAppUITests */ = {
			isa = PBXNativeTarget;
			buildConfigurationList = 9E435AEB2C0A05CC00E5B897 /* Build configuration list for PBXNativeTarget "EssentialAppUITests" */;
			buildPhases = (
				9E435AD72C0A05CC00E5B897 /* Sources */,
				9E435AD82C0A05CC00E5B897 /* Frameworks */,
				9E435AD92C0A05CC00E5B897 /* Resources */,
			);
			buildRules = (
			);
			dependencies = (
				9E435ADD2C0A05CC00E5B897 /* PBXTargetDependency */,
			);
			name = EssentialAppUITests;
			productName = EssentialAppUITests;
			productReference = 9E435ADB2C0A05CC00E5B897 /* EssentialAppUITests.xctest */;
			productType = "com.apple.product-type.bundle.ui-testing";
		};
/* End PBXNativeTarget section */

/* Begin PBXProject section */
		9E435AB32C0A05CB00E5B897 /* Project object */ = {
			isa = PBXProject;
			attributes = {
				BuildIndependentTargetsInParallel = 1;
				LastSwiftUpdateCheck = 1540;
				LastUpgradeCheck = 1540;
				TargetAttributes = {
					9E435ABA2C0A05CB00E5B897 = {
						CreatedOnToolsVersion = 15.4;
					};
					9E435AD02C0A05CC00E5B897 = {
						CreatedOnToolsVersion = 15.4;
						LastSwiftMigration = 1540;
						TestTargetID = 9E435ABA2C0A05CB00E5B897;
					};
					9E435ADA2C0A05CC00E5B897 = {
						CreatedOnToolsVersion = 15.4;
						TestTargetID = 9E435ABA2C0A05CB00E5B897;
					};
				};
			};
			buildConfigurationList = 9E435AB62C0A05CB00E5B897 /* Build configuration list for PBXProject "EssentialApp" */;
			compatibilityVersion = "Xcode 14.0";
			developmentRegion = en;
			hasScannedForEncodings = 0;
			knownRegions = (
				en,
				Base,
			);
			mainGroup = 9E435AB22C0A05CB00E5B897;
			productRefGroup = 9E435ABC2C0A05CB00E5B897 /* Products */;
			projectDirPath = "";
			projectRoot = "";
			targets = (
				9E435ABA2C0A05CB00E5B897 /* EssentialApp */,
				9E435AD02C0A05CC00E5B897 /* EssentialAppTests */,
				9E435ADA2C0A05CC00E5B897 /* EssentialAppUITests */,
			);
		};
/* End PBXProject section */

/* Begin PBXResourcesBuildPhase section */
		9E435AB92C0A05CB00E5B897 /* Resources */ = {
			isa = PBXResourcesBuildPhase;
			buildActionMask = 2147483647;
			files = (
				9E435AC82C0A05CC00E5B897 /* Assets.xcassets in Resources */,
				9E435ACB2C0A05CC00E5B897 /* Base in Resources */,
				9E435AC62C0A05CB00E5B897 /* Base in Resources */,
			);
			runOnlyForDeploymentPostprocessing = 0;
		};
		9E435ACF2C0A05CC00E5B897 /* Resources */ = {
			isa = PBXResourcesBuildPhase;
			buildActionMask = 2147483647;
			files = (
			);
			runOnlyForDeploymentPostprocessing = 0;
		};
		9E435AD92C0A05CC00E5B897 /* Resources */ = {
			isa = PBXResourcesBuildPhase;
			buildActionMask = 2147483647;
			files = (
			);
			runOnlyForDeploymentPostprocessing = 0;
		};
/* End PBXResourcesBuildPhase section */

/* Begin PBXSourcesBuildPhase section */
		9E435AB72C0A05CB00E5B897 /* Sources */ = {
			isa = PBXSourcesBuildPhase;
			buildActionMask = 2147483647;
			files = (
				9E435AC32C0A05CB00E5B897 /* ViewController.swift in Sources */,
				9E435ABF2C0A05CB00E5B897 /* AppDelegate.swift in Sources */,
				9E57EDC52C0C83BA00537C22 /* FeedLoaderWithFallbackComposite.swift in Sources */,
				9E435AC12C0A05CB00E5B897 /* SceneDelegate.swift in Sources */,
				9E57EDC92C0C87FB00537C22 /* FeedImageDataLoaderWithFallbackComposite.swift in Sources */,
			);
			runOnlyForDeploymentPostprocessing = 0;
		};
		9E435ACD2C0A05CC00E5B897 /* Sources */ = {
			isa = PBXSourcesBuildPhase;
			buildActionMask = 2147483647;
			files = (
				9E57EDC72C0C845300537C22 /* FeedImageDataLoaderWithFallbackCompositeTests.swift in Sources */,
				9E57EDC32C0C805100537C22 /* FeedLoaderWithFallbackCompositeTests.swift in Sources */,
				9E57EDCC2C0C886C00537C22 /* XCTestCase+MemoryLeakTracking.swift in Sources */,
			);
			runOnlyForDeploymentPostprocessing = 0;
		};
		9E435AD72C0A05CC00E5B897 /* Sources */ = {
			isa = PBXSourcesBuildPhase;
			buildActionMask = 2147483647;
			files = (
				9E435AE02C0A05CC00E5B897 /* EssentialAppUITests.swift in Sources */,
				9E435AE22C0A05CC00E5B897 /* EssentialAppUITestsLaunchTests.swift in Sources */,
			);
			runOnlyForDeploymentPostprocessing = 0;
		};
/* End PBXSourcesBuildPhase section */

/* Begin PBXTargetDependency section */
		9E435AD32C0A05CC00E5B897 /* PBXTargetDependency */ = {
			isa = PBXTargetDependency;
			target = 9E435ABA2C0A05CB00E5B897 /* EssentialApp */;
			targetProxy = 9E435AD22C0A05CC00E5B897 /* PBXContainerItemProxy */;
		};
		9E435ADD2C0A05CC00E5B897 /* PBXTargetDependency */ = {
			isa = PBXTargetDependency;
			target = 9E435ABA2C0A05CB00E5B897 /* EssentialApp */;
			targetProxy = 9E435ADC2C0A05CC00E5B897 /* PBXContainerItemProxy */;
		};
/* End PBXTargetDependency section */

/* Begin PBXVariantGroup section */
		9E435AC42C0A05CB00E5B897 /* Main.storyboard */ = {
			isa = PBXVariantGroup;
			children = (
				9E435AC52C0A05CB00E5B897 /* Base */,
			);
			name = Main.storyboard;
			sourceTree = "<group>";
		};
		9E435AC92C0A05CC00E5B897 /* LaunchScreen.storyboard */ = {
			isa = PBXVariantGroup;
			children = (
				9E435ACA2C0A05CC00E5B897 /* Base */,
			);
			name = LaunchScreen.storyboard;
			sourceTree = "<group>";
		};
/* End PBXVariantGroup section */

/* Begin XCBuildConfiguration section */
		9E435AE32C0A05CC00E5B897 /* Debug */ = {
			isa = XCBuildConfiguration;
			buildSettings = {
				ALWAYS_SEARCH_USER_PATHS = NO;
				ASSETCATALOG_COMPILER_GENERATE_SWIFT_ASSET_SYMBOL_EXTENSIONS = YES;
				CLANG_ANALYZER_NONNULL = YES;
				CLANG_ANALYZER_NUMBER_OBJECT_CONVERSION = YES_AGGRESSIVE;
				CLANG_CXX_LANGUAGE_STANDARD = "gnu++20";
				CLANG_ENABLE_MODULES = YES;
				CLANG_ENABLE_OBJC_ARC = YES;
				CLANG_ENABLE_OBJC_WEAK = YES;
				CLANG_WARN_BLOCK_CAPTURE_AUTORELEASING = YES;
				CLANG_WARN_BOOL_CONVERSION = YES;
				CLANG_WARN_COMMA = YES;
				CLANG_WARN_CONSTANT_CONVERSION = YES;
				CLANG_WARN_DEPRECATED_OBJC_IMPLEMENTATIONS = YES;
				CLANG_WARN_DIRECT_OBJC_ISA_USAGE = YES_ERROR;
				CLANG_WARN_DOCUMENTATION_COMMENTS = YES;
				CLANG_WARN_EMPTY_BODY = YES;
				CLANG_WARN_ENUM_CONVERSION = YES;
				CLANG_WARN_INFINITE_RECURSION = YES;
				CLANG_WARN_INT_CONVERSION = YES;
				CLANG_WARN_NON_LITERAL_NULL_CONVERSION = YES;
				CLANG_WARN_OBJC_IMPLICIT_RETAIN_SELF = YES;
				CLANG_WARN_OBJC_LITERAL_CONVERSION = YES;
				CLANG_WARN_OBJC_ROOT_CLASS = YES_ERROR;
				CLANG_WARN_QUOTED_INCLUDE_IN_FRAMEWORK_HEADER = YES;
				CLANG_WARN_RANGE_LOOP_ANALYSIS = YES;
				CLANG_WARN_STRICT_PROTOTYPES = YES;
				CLANG_WARN_SUSPICIOUS_MOVE = YES;
				CLANG_WARN_UNGUARDED_AVAILABILITY = YES_AGGRESSIVE;
				CLANG_WARN_UNREACHABLE_CODE = YES;
				CLANG_WARN__DUPLICATE_METHOD_MATCH = YES;
				COPY_PHASE_STRIP = NO;
				DEBUG_INFORMATION_FORMAT = dwarf;
				ENABLE_STRICT_OBJC_MSGSEND = YES;
				ENABLE_TESTABILITY = YES;
				ENABLE_USER_SCRIPT_SANDBOXING = YES;
				GCC_C_LANGUAGE_STANDARD = gnu17;
				GCC_DYNAMIC_NO_PIC = NO;
				GCC_NO_COMMON_BLOCKS = YES;
				GCC_OPTIMIZATION_LEVEL = 0;
				GCC_PREPROCESSOR_DEFINITIONS = (
					"DEBUG=1",
					"$(inherited)",
				);
				GCC_WARN_64_TO_32_BIT_CONVERSION = YES;
				GCC_WARN_ABOUT_RETURN_TYPE = YES_ERROR;
				GCC_WARN_UNDECLARED_SELECTOR = YES;
				GCC_WARN_UNINITIALIZED_AUTOS = YES_AGGRESSIVE;
				GCC_WARN_UNUSED_FUNCTION = YES;
				GCC_WARN_UNUSED_VARIABLE = YES;
				IPHONEOS_DEPLOYMENT_TARGET = 17.5;
				LOCALIZATION_PREFERS_STRING_CATALOGS = YES;
				MTL_ENABLE_DEBUG_INFO = INCLUDE_SOURCE;
				MTL_FAST_MATH = YES;
				ONLY_ACTIVE_ARCH = YES;
				SDKROOT = iphoneos;
				SWIFT_ACTIVE_COMPILATION_CONDITIONS = "DEBUG $(inherited)";
				SWIFT_OPTIMIZATION_LEVEL = "-Onone";
			};
			name = Debug;
		};
		9E435AE42C0A05CC00E5B897 /* Release */ = {
			isa = XCBuildConfiguration;
			buildSettings = {
				ALWAYS_SEARCH_USER_PATHS = NO;
				ASSETCATALOG_COMPILER_GENERATE_SWIFT_ASSET_SYMBOL_EXTENSIONS = YES;
				CLANG_ANALYZER_NONNULL = YES;
				CLANG_ANALYZER_NUMBER_OBJECT_CONVERSION = YES_AGGRESSIVE;
				CLANG_CXX_LANGUAGE_STANDARD = "gnu++20";
				CLANG_ENABLE_MODULES = YES;
				CLANG_ENABLE_OBJC_ARC = YES;
				CLANG_ENABLE_OBJC_WEAK = YES;
				CLANG_WARN_BLOCK_CAPTURE_AUTORELEASING = YES;
				CLANG_WARN_BOOL_CONVERSION = YES;
				CLANG_WARN_COMMA = YES;
				CLANG_WARN_CONSTANT_CONVERSION = YES;
				CLANG_WARN_DEPRECATED_OBJC_IMPLEMENTATIONS = YES;
				CLANG_WARN_DIRECT_OBJC_ISA_USAGE = YES_ERROR;
				CLANG_WARN_DOCUMENTATION_COMMENTS = YES;
				CLANG_WARN_EMPTY_BODY = YES;
				CLANG_WARN_ENUM_CONVERSION = YES;
				CLANG_WARN_INFINITE_RECURSION = YES;
				CLANG_WARN_INT_CONVERSION = YES;
				CLANG_WARN_NON_LITERAL_NULL_CONVERSION = YES;
				CLANG_WARN_OBJC_IMPLICIT_RETAIN_SELF = YES;
				CLANG_WARN_OBJC_LITERAL_CONVERSION = YES;
				CLANG_WARN_OBJC_ROOT_CLASS = YES_ERROR;
				CLANG_WARN_QUOTED_INCLUDE_IN_FRAMEWORK_HEADER = YES;
				CLANG_WARN_RANGE_LOOP_ANALYSIS = YES;
				CLANG_WARN_STRICT_PROTOTYPES = YES;
				CLANG_WARN_SUSPICIOUS_MOVE = YES;
				CLANG_WARN_UNGUARDED_AVAILABILITY = YES_AGGRESSIVE;
				CLANG_WARN_UNREACHABLE_CODE = YES;
				CLANG_WARN__DUPLICATE_METHOD_MATCH = YES;
				COPY_PHASE_STRIP = NO;
				DEBUG_INFORMATION_FORMAT = "dwarf-with-dsym";
				ENABLE_NS_ASSERTIONS = NO;
				ENABLE_STRICT_OBJC_MSGSEND = YES;
				ENABLE_USER_SCRIPT_SANDBOXING = YES;
				GCC_C_LANGUAGE_STANDARD = gnu17;
				GCC_NO_COMMON_BLOCKS = YES;
				GCC_WARN_64_TO_32_BIT_CONVERSION = YES;
				GCC_WARN_ABOUT_RETURN_TYPE = YES_ERROR;
				GCC_WARN_UNDECLARED_SELECTOR = YES;
				GCC_WARN_UNINITIALIZED_AUTOS = YES_AGGRESSIVE;
				GCC_WARN_UNUSED_FUNCTION = YES;
				GCC_WARN_UNUSED_VARIABLE = YES;
				IPHONEOS_DEPLOYMENT_TARGET = 17.5;
				LOCALIZATION_PREFERS_STRING_CATALOGS = YES;
				MTL_ENABLE_DEBUG_INFO = NO;
				MTL_FAST_MATH = YES;
				SDKROOT = iphoneos;
				SWIFT_COMPILATION_MODE = wholemodule;
				VALIDATE_PRODUCT = YES;
			};
			name = Release;
		};
		9E435AE62C0A05CC00E5B897 /* Debug */ = {
			isa = XCBuildConfiguration;
			buildSettings = {
				ASSETCATALOG_COMPILER_APPICON_NAME = AppIcon;
				ASSETCATALOG_COMPILER_GLOBAL_ACCENT_COLOR_NAME = AccentColor;
				CODE_SIGN_STYLE = Automatic;
				CURRENT_PROJECT_VERSION = 1;
				DEVELOPMENT_TEAM = D4NJBY4S25;
				GENERATE_INFOPLIST_FILE = YES;
				INFOPLIST_FILE = EssentialApp/Info.plist;
				INFOPLIST_KEY_UIApplicationSupportsIndirectInputEvents = YES;
				INFOPLIST_KEY_UILaunchStoryboardName = LaunchScreen;
				INFOPLIST_KEY_UIMainStoryboardFile = Main;
				INFOPLIST_KEY_UISupportedInterfaceOrientations = UIInterfaceOrientationPortrait;
				INFOPLIST_KEY_UISupportedInterfaceOrientations_iPad = "UIInterfaceOrientationLandscapeLeft UIInterfaceOrientationLandscapeRight UIInterfaceOrientationPortrait UIInterfaceOrientationPortraitUpsideDown";
				LD_RUNPATH_SEARCH_PATHS = (
					"$(inherited)",
					"@executable_path/Frameworks",
				);
				MARKETING_VERSION = 1.0;
				PRODUCT_BUNDLE_IDENTIFIER = com.Subhankar.EssentialApp;
				PRODUCT_NAME = "$(TARGET_NAME)";
				SWIFT_EMIT_LOC_STRINGS = YES;
				SWIFT_VERSION = 5.0;
				TARGETED_DEVICE_FAMILY = "1,2";
			};
			name = Debug;
		};
		9E435AE72C0A05CC00E5B897 /* Release */ = {
			isa = XCBuildConfiguration;
			buildSettings = {
				ASSETCATALOG_COMPILER_APPICON_NAME = AppIcon;
				ASSETCATALOG_COMPILER_GLOBAL_ACCENT_COLOR_NAME = AccentColor;
				CODE_SIGN_STYLE = Automatic;
				CURRENT_PROJECT_VERSION = 1;
				DEVELOPMENT_TEAM = D4NJBY4S25;
				GENERATE_INFOPLIST_FILE = YES;
				INFOPLIST_FILE = EssentialApp/Info.plist;
				INFOPLIST_KEY_UIApplicationSupportsIndirectInputEvents = YES;
				INFOPLIST_KEY_UILaunchStoryboardName = LaunchScreen;
				INFOPLIST_KEY_UIMainStoryboardFile = Main;
				INFOPLIST_KEY_UISupportedInterfaceOrientations = UIInterfaceOrientationPortrait;
				INFOPLIST_KEY_UISupportedInterfaceOrientations_iPad = "UIInterfaceOrientationLandscapeLeft UIInterfaceOrientationLandscapeRight UIInterfaceOrientationPortrait UIInterfaceOrientationPortraitUpsideDown";
				LD_RUNPATH_SEARCH_PATHS = (
					"$(inherited)",
					"@executable_path/Frameworks",
				);
				MARKETING_VERSION = 1.0;
				PRODUCT_BUNDLE_IDENTIFIER = com.Subhankar.EssentialApp;
				PRODUCT_NAME = "$(TARGET_NAME)";
				SWIFT_EMIT_LOC_STRINGS = YES;
				SWIFT_VERSION = 5.0;
				TARGETED_DEVICE_FAMILY = "1,2";
			};
			name = Release;
		};
		9E435AE92C0A05CC00E5B897 /* Debug */ = {
			isa = XCBuildConfiguration;
			buildSettings = {
				ALWAYS_EMBED_SWIFT_STANDARD_LIBRARIES = YES;
				BUNDLE_LOADER = "$(TEST_HOST)";
				CLANG_ENABLE_MODULES = YES;
				CODE_SIGN_STYLE = Automatic;
				CURRENT_PROJECT_VERSION = 1;
				DEVELOPMENT_TEAM = D4NJBY4S25;
				GENERATE_INFOPLIST_FILE = YES;
				IPHONEOS_DEPLOYMENT_TARGET = 17.5;
				MARKETING_VERSION = 1.0;
				PRODUCT_BUNDLE_IDENTIFIER = com.Subhankar.EssentialAppTests;
				PRODUCT_NAME = "$(TARGET_NAME)";
				SWIFT_EMIT_LOC_STRINGS = NO;
				SWIFT_OPTIMIZATION_LEVEL = "-Onone";
				SWIFT_VERSION = 5.0;
				TARGETED_DEVICE_FAMILY = "1,2";
				TEST_HOST = "$(BUILT_PRODUCTS_DIR)/EssentialApp.app/$(BUNDLE_EXECUTABLE_FOLDER_PATH)/EssentialApp";
			};
			name = Debug;
		};
		9E435AEA2C0A05CC00E5B897 /* Release */ = {
			isa = XCBuildConfiguration;
			buildSettings = {
				ALWAYS_EMBED_SWIFT_STANDARD_LIBRARIES = YES;
				BUNDLE_LOADER = "$(TEST_HOST)";
				CLANG_ENABLE_MODULES = YES;
				CODE_SIGN_STYLE = Automatic;
				CURRENT_PROJECT_VERSION = 1;
				DEVELOPMENT_TEAM = D4NJBY4S25;
				GENERATE_INFOPLIST_FILE = YES;
				IPHONEOS_DEPLOYMENT_TARGET = 17.5;
				MARKETING_VERSION = 1.0;
				PRODUCT_BUNDLE_IDENTIFIER = com.Subhankar.EssentialAppTests;
				PRODUCT_NAME = "$(TARGET_NAME)";
				SWIFT_EMIT_LOC_STRINGS = NO;
				SWIFT_VERSION = 5.0;
				TARGETED_DEVICE_FAMILY = "1,2";
				TEST_HOST = "$(BUILT_PRODUCTS_DIR)/EssentialApp.app/$(BUNDLE_EXECUTABLE_FOLDER_PATH)/EssentialApp";
			};
			name = Release;
		};
		9E435AEC2C0A05CC00E5B897 /* Debug */ = {
			isa = XCBuildConfiguration;
			buildSettings = {
				ALWAYS_EMBED_SWIFT_STANDARD_LIBRARIES = YES;
				CODE_SIGN_STYLE = Automatic;
				CURRENT_PROJECT_VERSION = 1;
				DEVELOPMENT_TEAM = D4NJBY4S25;
				GENERATE_INFOPLIST_FILE = YES;
				MARKETING_VERSION = 1.0;
				PRODUCT_BUNDLE_IDENTIFIER = com.Subhankar.EssentialAppUITests;
				PRODUCT_NAME = "$(TARGET_NAME)";
				SWIFT_EMIT_LOC_STRINGS = NO;
				SWIFT_VERSION = 5.0;
				TARGETED_DEVICE_FAMILY = "1,2";
				TEST_TARGET_NAME = EssentialApp;
			};
			name = Debug;
		};
		9E435AED2C0A05CC00E5B897 /* Release */ = {
			isa = XCBuildConfiguration;
			buildSettings = {
				ALWAYS_EMBED_SWIFT_STANDARD_LIBRARIES = YES;
				CODE_SIGN_STYLE = Automatic;
				CURRENT_PROJECT_VERSION = 1;
				DEVELOPMENT_TEAM = D4NJBY4S25;
				GENERATE_INFOPLIST_FILE = YES;
				MARKETING_VERSION = 1.0;
				PRODUCT_BUNDLE_IDENTIFIER = com.Subhankar.EssentialAppUITests;
				PRODUCT_NAME = "$(TARGET_NAME)";
				SWIFT_EMIT_LOC_STRINGS = NO;
				SWIFT_VERSION = 5.0;
				TARGETED_DEVICE_FAMILY = "1,2";
				TEST_TARGET_NAME = EssentialApp;
			};
			name = Release;
		};
/* End XCBuildConfiguration section */

/* Begin XCConfigurationList section */
		9E435AB62C0A05CB00E5B897 /* Build configuration list for PBXProject "EssentialApp" */ = {
			isa = XCConfigurationList;
			buildConfigurations = (
				9E435AE32C0A05CC00E5B897 /* Debug */,
				9E435AE42C0A05CC00E5B897 /* Release */,
			);
			defaultConfigurationIsVisible = 0;
			defaultConfigurationName = Release;
		};
		9E435AE52C0A05CC00E5B897 /* Build configuration list for PBXNativeTarget "EssentialApp" */ = {
			isa = XCConfigurationList;
			buildConfigurations = (
				9E435AE62C0A05CC00E5B897 /* Debug */,
				9E435AE72C0A05CC00E5B897 /* Release */,
			);
			defaultConfigurationIsVisible = 0;
			defaultConfigurationName = Release;
		};
		9E435AE82C0A05CC00E5B897 /* Build configuration list for PBXNativeTarget "EssentialAppTests" */ = {
			isa = XCConfigurationList;
			buildConfigurations = (
				9E435AE92C0A05CC00E5B897 /* Debug */,
				9E435AEA2C0A05CC00E5B897 /* Release */,
			);
			defaultConfigurationIsVisible = 0;
			defaultConfigurationName = Release;
		};
		9E435AEB2C0A05CC00E5B897 /* Build configuration list for PBXNativeTarget "EssentialAppUITests" */ = {
			isa = XCConfigurationList;
			buildConfigurations = (
				9E435AEC2C0A05CC00E5B897 /* Debug */,
				9E435AED2C0A05CC00E5B897 /* Release */,
			);
			defaultConfigurationIsVisible = 0;
			defaultConfigurationName = Release;
		};
/* End XCConfigurationList section */
	};
	rootObject = 9E435AB32C0A05CB00E5B897 /* Project object */;
}
